// !$*UTF8*$!
{
	archiveVersion = 1;
	classes = {
	};
	objectVersion = 46;
	objects = {

/* Begin PBXBuildFile section */
		2B8FD52621266A9A004B6328 /* TJExampleController.m in Sources */ = {isa = PBXBuildFile; fileRef = 2B8FD52521266A9A004B6328 /* TJExampleController.m */; };
		6E0D09F4DB4FB4F1A6287402 /* libPods.a in Frameworks */ = {isa = PBXBuildFile; fileRef = 4C5E3D0E5FDD58D612F70AEF /* libPods.a */; };
		792B3C3E21BDDB97E7D5EDD4 /* libPods-TJStatusBarNotification.a in Frameworks */ = {isa = PBXBuildFile; fileRef = 7EB25FF52912374D749714BC /* libPods-TJStatusBarNotification.a */; };
		A8B8DCBA1D828F4C00341D54 /* main.m in Sources */ = {isa = PBXBuildFile; fileRef = A8B8DCB91D828F4C00341D54 /* main.m */; };
		A8B8DCBD1D828F4C00341D54 /* AppDelegate.m in Sources */ = {isa = PBXBuildFile; fileRef = A8B8DCBC1D828F4C00341D54 /* AppDelegate.m */; };
		A8B8DCC31D828F4C00341D54 /* Main.storyboard in Resources */ = {isa = PBXBuildFile; fileRef = A8B8DCC11D828F4C00341D54 /* Main.storyboard */; };
		A8B8DCC51D828F4C00341D54 /* Assets.xcassets in Resources */ = {isa = PBXBuildFile; fileRef = A8B8DCC41D828F4C00341D54 /* Assets.xcassets */; };
		A8B8DCC81D828F4C00341D54 /* LaunchScreen.storyboard in Resources */ = {isa = PBXBuildFile; fileRef = A8B8DCC61D828F4C00341D54 /* LaunchScreen.storyboard */; };
		A8B8DCD11D82922100341D54 /* TJStatusBarClient.m in Sources */ = {isa = PBXBuildFile; fileRef = A8B8DCD01D82922100341D54 /* TJStatusBarClient.m */; };
/* End PBXBuildFile section */

/* Begin PBXFileReference section */
		2B8FD52421266A9A004B6328 /* TJExampleController.h */ = {isa = PBXFileReference; fileEncoding = 4; lastKnownFileType = sourcecode.c.h; path = TJExampleController.h; sourceTree = "<group>"; };
		2B8FD52521266A9A004B6328 /* TJExampleController.m */ = {isa = PBXFileReference; fileEncoding = 4; lastKnownFileType = sourcecode.c.objc; path = TJExampleController.m; sourceTree = "<group>"; };
		4C5E3D0E5FDD58D612F70AEF /* libPods.a */ = {isa = PBXFileReference; explicitFileType = archive.ar; includeInIndex = 0; path = libPods.a; sourceTree = BUILT_PRODUCTS_DIR; };
		71EE0AB815F6AC84A81AA753 /* Pods-TJStatusBarNotification.debug.xcconfig */ = {isa = PBXFileReference; includeInIndex = 1; lastKnownFileType = text.xcconfig; name = "Pods-TJStatusBarNotification.debug.xcconfig"; path = "Pods/Target Support Files/Pods-TJStatusBarNotification/Pods-TJStatusBarNotification.debug.xcconfig"; sourceTree = "<group>"; };
		7C991FB36F815FF462C3F87B /* Pods.debug.xcconfig */ = {isa = PBXFileReference; includeInIndex = 1; lastKnownFileType = text.xcconfig; name = Pods.debug.xcconfig; path = "Pods/Target Support Files/Pods/Pods.debug.xcconfig"; sourceTree = "<group>"; };
		7EB25FF52912374D749714BC /* libPods-TJStatusBarNotification.a */ = {isa = PBXFileReference; explicitFileType = archive.ar; includeInIndex = 0; path = "libPods-TJStatusBarNotification.a"; sourceTree = BUILT_PRODUCTS_DIR; };
		A8B8DCB51D828F4C00341D54 /* TJStatusBarNotification.app */ = {isa = PBXFileReference; explicitFileType = wrapper.application; includeInIndex = 0; path = TJStatusBarNotification.app; sourceTree = BUILT_PRODUCTS_DIR; };
		A8B8DCB91D828F4C00341D54 /* main.m */ = {isa = PBXFileReference; lastKnownFileType = sourcecode.c.objc; path = main.m; sourceTree = "<group>"; };
		A8B8DCBB1D828F4C00341D54 /* AppDelegate.h */ = {isa = PBXFileReference; lastKnownFileType = sourcecode.c.h; path = AppDelegate.h; sourceTree = "<group>"; };
		A8B8DCBC1D828F4C00341D54 /* AppDelegate.m */ = {isa = PBXFileReference; lastKnownFileType = sourcecode.c.objc; path = AppDelegate.m; sourceTree = "<group>"; };
		A8B8DCC21D828F4C00341D54 /* Base */ = {isa = PBXFileReference; lastKnownFileType = file.storyboard; name = Base; path = Base.lproj/Main.storyboard; sourceTree = "<group>"; };
		A8B8DCC41D828F4C00341D54 /* Assets.xcassets */ = {isa = PBXFileReference; lastKnownFileType = folder.assetcatalog; path = Assets.xcassets; sourceTree = "<group>"; };
		A8B8DCC71D828F4C00341D54 /* Base */ = {isa = PBXFileReference; lastKnownFileType = file.storyboard; name = Base; path = Base.lproj/LaunchScreen.storyboard; sourceTree = "<group>"; };
		A8B8DCC91D828F4C00341D54 /* Info.plist */ = {isa = PBXFileReference; lastKnownFileType = text.plist.xml; path = Info.plist; sourceTree = "<group>"; };
		A8B8DCCF1D82922100341D54 /* TJStatusBarClient.h */ = {isa = PBXFileReference; fileEncoding = 4; lastKnownFileType = sourcecode.c.h; path = TJStatusBarClient.h; sourceTree = "<group>"; };
		A8B8DCD01D82922100341D54 /* TJStatusBarClient.m */ = {isa = PBXFileReference; fileEncoding = 4; lastKnownFileType = sourcecode.c.objc; path = TJStatusBarClient.m; sourceTree = "<group>"; };
		D73BA4EFFFC8BB5F93BCD99E /* Pods.release.xcconfig */ = {isa = PBXFileReference; includeInIndex = 1; lastKnownFileType = text.xcconfig; name = Pods.release.xcconfig; path = "Pods/Target Support Files/Pods/Pods.release.xcconfig"; sourceTree = "<group>"; };
		EB4FF0C58A3ED5DD580EA996 /* Pods-TJStatusBarNotification.release.xcconfig */ = {isa = PBXFileReference; includeInIndex = 1; lastKnownFileType = text.xcconfig; name = "Pods-TJStatusBarNotification.release.xcconfig"; path = "Pods/Target Support Files/Pods-TJStatusBarNotification/Pods-TJStatusBarNotification.release.xcconfig"; sourceTree = "<group>"; };
/* End PBXFileReference section */

/* Begin PBXFrameworksBuildPhase section */
		A8B8DCB21D828F4C00341D54 /* Frameworks */ = {
			isa = PBXFrameworksBuildPhase;
			buildActionMask = 2147483647;
			files = (
				6E0D09F4DB4FB4F1A6287402 /* libPods.a in Frameworks */,
				792B3C3E21BDDB97E7D5EDD4 /* libPods-TJStatusBarNotification.a in Frameworks */,
			);
			runOnlyForDeploymentPostprocessing = 0;
		};
/* End PBXFrameworksBuildPhase section */

/* Begin PBXGroup section */
		3FCB44A4E9BCC01519F3E550 /* Frameworks */ = {
			isa = PBXGroup;
			children = (
				4C5E3D0E5FDD58D612F70AEF /* libPods.a */,
				7EB25FF52912374D749714BC /* libPods-TJStatusBarNotification.a */,
			);
			name = Frameworks;
			sourceTree = "<group>";
		};
		5AB4E204E19A57090ED8CDBC /* Pods */ = {
			isa = PBXGroup;
			children = (
				7C991FB36F815FF462C3F87B /* Pods.debug.xcconfig */,
				D73BA4EFFFC8BB5F93BCD99E /* Pods.release.xcconfig */,
				71EE0AB815F6AC84A81AA753 /* Pods-TJStatusBarNotification.debug.xcconfig */,
				EB4FF0C58A3ED5DD580EA996 /* Pods-TJStatusBarNotification.release.xcconfig */,
			);
			name = Pods;
			sourceTree = "<group>";
		};
		A8B8DCAC1D828F4C00341D54 = {
			isa = PBXGroup;
			children = (
				A8B8DCB71D828F4C00341D54 /* TJStatusBarNotification */,
				A8B8DCB61D828F4C00341D54 /* Products */,
				5AB4E204E19A57090ED8CDBC /* Pods */,
				3FCB44A4E9BCC01519F3E550 /* Frameworks */,
			);
			sourceTree = "<group>";
		};
		A8B8DCB61D828F4C00341D54 /* Products */ = {
			isa = PBXGroup;
			children = (
				A8B8DCB51D828F4C00341D54 /* TJStatusBarNotification.app */,
			);
			name = Products;
			sourceTree = "<group>";
		};
		A8B8DCB71D828F4C00341D54 /* TJStatusBarNotification */ = {
			isa = PBXGroup;
			children = (
				A8B8DCD21D82AC5700341D54 /* TJStatusBarClient */,
				A8B8DCBB1D828F4C00341D54 /* AppDelegate.h */,
				A8B8DCBC1D828F4C00341D54 /* AppDelegate.m */,
				2B8FD52421266A9A004B6328 /* TJExampleController.h */,
				2B8FD52521266A9A004B6328 /* TJExampleController.m */,
				A8B8DCC11D828F4C00341D54 /* Main.storyboard */,
				A8B8DCC41D828F4C00341D54 /* Assets.xcassets */,
				A8B8DCC61D828F4C00341D54 /* LaunchScreen.storyboard */,
				A8B8DCC91D828F4C00341D54 /* Info.plist */,
				A8B8DCB81D828F4C00341D54 /* Supporting Files */,
			);
			path = TJStatusBarNotification;
			sourceTree = "<group>";
		};
		A8B8DCB81D828F4C00341D54 /* Supporting Files */ = {
			isa = PBXGroup;
			children = (
				A8B8DCB91D828F4C00341D54 /* main.m */,
			);
			name = "Supporting Files";
			sourceTree = "<group>";
		};
		A8B8DCD21D82AC5700341D54 /* TJStatusBarClient */ = {
			isa = PBXGroup;
			children = (
				A8B8DCCF1D82922100341D54 /* TJStatusBarClient.h */,
				A8B8DCD01D82922100341D54 /* TJStatusBarClient.m */,
			);
			name = TJStatusBarClient;
			sourceTree = "<group>";
		};
/* End PBXGroup section */

/* Begin PBXNativeTarget section */
		A8B8DCB41D828F4C00341D54 /* TJStatusBarNotification */ = {
			isa = PBXNativeTarget;
			buildConfigurationList = A8B8DCCC1D828F4C00341D54 /* Build configuration list for PBXNativeTarget "TJStatusBarNotification" */;
			buildPhases = (
				96C86B789944085CCBE4C34D /* [CP] Check Pods Manifest.lock */,
				ECBC1A5E474B50DEEEA3CB25 /* Check Pods Manifest.lock */,
				A8B8DCB11D828F4C00341D54 /* Sources */,
				A8B8DCB21D828F4C00341D54 /* Frameworks */,
				A8B8DCB31D828F4C00341D54 /* Resources */,
			);
			buildRules = (
			);
			dependencies = (
			);
			name = TJStatusBarNotification;
			productName = TJStatusBarNotification;
			productReference = A8B8DCB51D828F4C00341D54 /* TJStatusBarNotification.app */;
			productType = "com.apple.product-type.application";
		};
/* End PBXNativeTarget section */

/* Begin PBXProject section */
		A8B8DCAD1D828F4C00341D54 /* Project object */ = {
			isa = PBXProject;
			attributes = {
				LastUpgradeCheck = 0730;
				ORGANIZATIONNAME = "王朋涛";
				TargetAttributes = {
					A8B8DCB41D828F4C00341D54 = {
						CreatedOnToolsVersion = 7.3.1;
					};
				};
			};
			buildConfigurationList = A8B8DCB01D828F4C00341D54 /* Build configuration list for PBXProject "TJStatusBarNotification" */;
			compatibilityVersion = "Xcode 3.2";
			developmentRegion = English;
			hasScannedForEncodings = 0;
			knownRegions = (
				en,
				Base,
			);
			mainGroup = A8B8DCAC1D828F4C00341D54;
			productRefGroup = A8B8DCB61D828F4C00341D54 /* Products */;
			projectDirPath = "";
			projectRoot = "";
			targets = (
				A8B8DCB41D828F4C00341D54 /* TJStatusBarNotification */,
			);
		};
/* End PBXProject section */

/* Begin PBXResourcesBuildPhase section */
		A8B8DCB31D828F4C00341D54 /* Resources */ = {
			isa = PBXResourcesBuildPhase;
			buildActionMask = 2147483647;
			files = (
				A8B8DCC81D828F4C00341D54 /* LaunchScreen.storyboard in Resources */,
				A8B8DCC51D828F4C00341D54 /* Assets.xcassets in Resources */,
				A8B8DCC31D828F4C00341D54 /* Main.storyboard in Resources */,
			);
			runOnlyForDeploymentPostprocessing = 0;
		};
/* End PBXResourcesBuildPhase section */

/* Begin PBXShellScriptBuildPhase section */
		96C86B789944085CCBE4C34D /* [CP] Check Pods Manifest.lock */ = {
			isa = PBXShellScriptBuildPhase;
			buildActionMask = 2147483647;
			files = (
			);
			inputPaths = (
				"${PODS_PODFILE_DIR_PATH}/Podfile.lock",
				"${PODS_ROOT}/Manifest.lock",
			);
			name = "[CP] Check Pods Manifest.lock";
			outputPaths = (
				"$(DERIVED_FILE_DIR)/Pods-TJStatusBarNotification-checkManifestLockResult.txt",
			);
			runOnlyForDeploymentPostprocessing = 0;
			shellPath = /bin/sh;
			shellScript = "diff \"${PODS_PODFILE_DIR_PATH}/Podfile.lock\" \"${PODS_ROOT}/Manifest.lock\" > /dev/null\nif [ $? != 0 ] ; then\n    # print error to STDERR\n    echo \"error: The sandbox is not in sync with the Podfile.lock. Run 'pod install' or update your CocoaPods installation.\" >&2\n    exit 1\nfi\n# This output is used by Xcode 'outputs' to avoid re-running this script phase.\necho \"SUCCESS\" > \"${SCRIPT_OUTPUT_FILE_0}\"\n";
			showEnvVarsInLog = 0;
		};
		ECBC1A5E474B50DEEEA3CB25 /* Check Pods Manifest.lock */ = {
			isa = PBXShellScriptBuildPhase;
			buildActionMask = 2147483647;
			files = (
			);
			inputPaths = (
			);
			name = "Check Pods Manifest.lock";
			outputPaths = (
			);
			runOnlyForDeploymentPostprocessing = 0;
			shellPath = /bin/sh;
			shellScript = "diff \"${PODS_ROOT}/../Podfile.lock\" \"${PODS_ROOT}/Manifest.lock\" > /dev/null\nif [[ $? != 0 ]] ; then\n    cat << EOM\nerror: The sandbox is not in sync with the Podfile.lock. Run 'pod install' or update your CocoaPods installation.\nEOM\n    exit 1\nfi\n";
			showEnvVarsInLog = 0;
		};
/* End PBXShellScriptBuildPhase section */

/* Begin PBXSourcesBuildPhase section */
		A8B8DCB11D828F4C00341D54 /* Sources */ = {
			isa = PBXSourcesBuildPhase;
			buildActionMask = 2147483647;
			files = (
				A8B8DCD11D82922100341D54 /* TJStatusBarClient.m in Sources */,
				2B8FD52621266A9A004B6328 /* TJExampleController.m in Sources */,
				A8B8DCBD1D828F4C00341D54 /* AppDelegate.m in Sources */,
				A8B8DCBA1D828F4C00341D54 /* main.m in Sources */,
			);
			runOnlyForDeploymentPostprocessing = 0;
		};
/* End PBXSourcesBuildPhase section */

/* Begin PBXVariantGroup section */
		A8B8DCC11D828F4C00341D54 /* Main.storyboard */ = {
			isa = PBXVariantGroup;
			children = (
				A8B8DCC21D828F4C00341D54 /* Base */,
			);
			name = Main.storyboard;
			sourceTree = "<group>";
		};
		A8B8DCC61D828F4C00341D54 /* LaunchScreen.storyboard */ = {
			isa = PBXVariantGroup;
			children = (
				A8B8DCC71D828F4C00341D54 /* Base */,
			);
			name = LaunchScreen.storyboard;
			sourceTree = "<group>";
		};
/* End PBXVariantGroup section */

/* Begin XCBuildConfiguration section */
		A8B8DCCA1D828F4C00341D54 /* Debug */ = {
			isa = XCBuildConfiguration;
			buildSettings = {
				ALWAYS_SEARCH_USER_PATHS = NO;
				CLANG_ANALYZER_NONNULL = YES;
				CLANG_CXX_LANGUAGE_STANDARD = "gnu++0x";
				CLANG_CXX_LIBRARY = "libc++";
				CLANG_ENABLE_MODULES = YES;
				CLANG_ENABLE_OBJC_ARC = YES;
				CLANG_WARN_BOOL_CONVERSION = YES;
				CLANG_WARN_CONSTANT_CONVERSION = YES;
				CLANG_WARN_DIRECT_OBJC_ISA_USAGE = YES_ERROR;
				CLANG_WARN_EMPTY_BODY = YES;
				CLANG_WARN_ENUM_CONVERSION = YES;
				CLANG_WARN_INT_CONVERSION = YES;
				CLANG_WARN_OBJC_ROOT_CLASS = YES_ERROR;
				CLANG_WARN_UNREACHABLE_CODE = YES;
				CLANG_WARN__DUPLICATE_METHOD_MATCH = YES;
				"CODE_SIGN_IDENTITY[sdk=iphoneos*]" = "iPhone Developer";
				COPY_PHASE_STRIP = NO;
				DEBUG_INFORMATION_FORMAT = dwarf;
				ENABLE_STRICT_OBJC_MSGSEND = YES;
				ENABLE_TESTABILITY = YES;
				GCC_C_LANGUAGE_STANDARD = gnu99;
				GCC_DYNAMIC_NO_PIC = NO;
				GCC_NO_COMMON_BLOCKS = YES;
				GCC_OPTIMIZATION_LEVEL = 0;
				GCC_PREPROCESSOR_DEFINITIONS = (
					"DEBUG=1",
					"$(inherited)",
				);
				GCC_WARN_64_TO_32_BIT_CONVERSION = YES;
				GCC_WARN_ABOUT_RETURN_TYPE = YES_ERROR;
				GCC_WARN_UNDECLARED_SELECTOR = YES;
				GCC_WARN_UNINITIALIZED_AUTOS = YES_AGGRESSIVE;
				GCC_WARN_UNUSED_FUNCTION = YES;
				GCC_WARN_UNUSED_VARIABLE = YES;
				IPHONEOS_DEPLOYMENT_TARGET = 9.3;
				MTL_ENABLE_DEBUG_INFO = YES;
				ONLY_ACTIVE_ARCH = YES;
				SDKROOT = iphoneos;
			};
			name = Debug;
		};
		A8B8DCCB1D828F4C00341D54 /* Release */ = {
			isa = XCBuildConfiguration;
			buildSettings = {
				ALWAYS_SEARCH_USER_PATHS = NO;
				CLANG_ANALYZER_NONNULL = YES;
				CLANG_CXX_LANGUAGE_STANDARD = "gnu++0x";
				CLANG_CXX_LIBRARY = "libc++";
				CLANG_ENABLE_MODULES = YES;
				CLANG_ENABLE_OBJC_ARC = YES;
				CLANG_WARN_BOOL_CONVERSION = YES;
				CLANG_WARN_CONSTANT_CONVERSION = YES;
				CLANG_WARN_DIRECT_OBJC_ISA_USAGE = YES_ERROR;
				CLANG_WARN_EMPTY_BODY = YES;
				CLANG_WARN_ENUM_CONVERSION = YES;
				CLANG_WARN_INT_CONVERSION = YES;
				CLANG_WARN_OBJC_ROOT_CLASS = YES_ERROR;
				CLANG_WARN_UNREACHABLE_CODE = YES;
				CLANG_WARN__DUPLICATE_METHOD_MATCH = YES;
				"CODE_SIGN_IDENTITY[sdk=iphoneos*]" = "iPhone Developer";
				COPY_PHASE_STRIP = NO;
				DEBUG_INFORMATION_FORMAT = "dwarf-with-dsym";
				ENABLE_NS_ASSERTIONS = NO;
				ENABLE_STRICT_OBJC_MSGSEND = YES;
				GCC_C_LANGUAGE_STANDARD = gnu99;
				GCC_NO_COMMON_BLOCKS = YES;
				GCC_WARN_64_TO_32_BIT_CONVERSION = YES;
				GCC_WARN_ABOUT_RETURN_TYPE = YES_ERROR;
				GCC_WARN_UNDECLARED_SELECTOR = YES;
				GCC_WARN_UNINITIALIZED_AUTOS = YES_AGGRESSIVE;
				GCC_WARN_UNUSED_FUNCTION = YES;
				GCC_WARN_UNUSED_VARIABLE = YES;
				IPHONEOS_DEPLOYMENT_TARGET = 9.3;
				MTL_ENABLE_DEBUG_INFO = NO;
				SDKROOT = iphoneos;
				VALIDATE_PRODUCT = YES;
			};
			name = Release;
		};
		A8B8DCCD1D828F4C00341D54 /* Debug */ = {
			isa = XCBuildConfiguration;
			baseConfigurationReference = 71EE0AB815F6AC84A81AA753 /* Pods-TJStatusBarNotification.debug.xcconfig */;
			buildSettings = {
				ASSETCATALOG_COMPILER_APPICON_NAME = AppIcon;
				INFOPLIST_FILE = TJStatusBarNotification/Info.plist;
				LD_RUNPATH_SEARCH_PATHS = "$(inherited) @executable_path/Frameworks";
				PRODUCT_BUNDLE_IDENTIFIER = com.tjzl.TJStatusBarNotification;
				PRODUCT_NAME = "$(TARGET_NAME)";
			};
			name = Debug;
		};
		A8B8DCCE1D828F4C00341D54 /* Release */ = {
			isa = XCBuildConfiguration;
			baseConfigurationReference = EB4FF0C58A3ED5DD580EA996 /* Pods-TJStatusBarNotification.release.xcconfig */;
			buildSettings = {
				ASSETCATALOG_COMPILER_APPICON_NAME = AppIcon;
				INFOPLIST_FILE = TJStatusBarNotification/Info.plist;
				LD_RUNPATH_SEARCH_PATHS = "$(inherited) @executable_path/Frameworks";
				PRODUCT_BUNDLE_IDENTIFIER = com.tjzl.TJStatusBarNotification;
				PRODUCT_NAME = "$(TARGET_NAME)";
			};
			name = Release;
		};
/* End XCBuildConfiguration section */

/* Begin XCConfigurationList section */
		A8B8DCB01D828F4C00341D54 /* Build configuration list for PBXProject "TJStatusBarNotification" */ = {
			isa = XCConfigurationList;
			buildConfigurations = (
				A8B8DCCA1D828F4C00341D54 /* Debug */,
				A8B8DCCB1D828F4C00341D54 /* Release */,
			);
			defaultConfigurationIsVisible = 0;
			defaultConfigurationName = Release;
		};
		A8B8DCCC1D828F4C00341D54 /* Build configuration list for PBXNativeTarget "TJStatusBarNotification" */ = {
			isa = XCConfigurationList;
			buildConfigurations = (
				A8B8DCCD1D828F4C00341D54 /* Debug */,
				A8B8DCCE1D828F4C00341D54 /* Release */,
			);
			defaultConfigurationIsVisible = 0;
			defaultConfigurationName = Release;
		};
/* End XCConfigurationList section */
	};
	rootObject = A8B8DCAD1D828F4C00341D54 /* Project object */;
}
